
Microsoft Visual Studio Solution File, Format Version 12.00
# Visual Studio Version 16
VisualStudioVersion = 16.0.30011.22
MinimumVisualStudioVersion = 10.0.40219.1
Project("{FAE04EC0-301F-11D3-BF4B-00C04F79EFBC}") = "DVD_Array", "DVD_Array.csproj", "{E54DC167-5772-4DAF-BB3D-60047C5A4084}"
EndProject
Global
	GlobalSection(SolutionConfigurationPlatforms) = preSolution
		Debug|Any CPU = Debug|Any CPU
		Release|Any CPU = Release|Any CPU
	EndGlobalSection
	GlobalSection(ProjectConfigurationPlatforms) = postSolution
		{E54DC167-5772-4DAF-BB3D-60047C5A4084}.Debug|Any CPU.ActiveCfg = Debug|Any CPU
		{E54DC167-5772-4DAF-BB3D-60047C5A4084}.Debug|Any CPU.Build.0 = Debug|Any CPU
		{E54DC167-5772-4DAF-BB3D-60047C5A4084}.Release|Any CPU.ActiveCfg = Release|Any CPU
		{E54DC167-5772-4DAF-BB3D-60047C5A4084}.Release|Any CPU.Build.0 = Release|Any CPU
	EndGlobalSection
	GlobalSection(SolutionProperties) = preSolution
		HideSolutionNode = FALSE
	EndGlobalSection
	GlobalSection(ExtensibilityGlobals) = postSolution
		SolutionGuid = {689BC495-1D26-41C6-B1B8-A9FEAA2E2AB9}
	EndGlobalSection
EndGlobal
